{
  "projects": [
    {
      "projectId": "uEWT1C6ySrjtSMWJntBego",
      "version": "latest",
      "dependencies": {
        "r3ASNrnyvLLLAtDvzUioQ": "4.5.1",
        "ohDidvG9XsCeFumugENU3J": "6.25.0",
        "8PtdGodUbexNYgkuyBUcWu": "3.24.0",
        "sqPBLwEBBKHA2WDuGb17eV": "2.0.0"
      },
      "lang": "js",
      "fileLocks": [
        {
          "type": "globalVariant",
          "assetId": "RaGa2M-JbEFd",
          "checksum": "d8fbad281320dc4393fa45bd369d376c"
        },
        {
          "type": "renderModule",
          "assetId": "am31UqG5ApzN",
          "checksum": "c46d186d34f125637cfdf27b85e32faf"
        },
        {
          "type": "cssRules",
          "assetId": "am31UqG5ApzN",
          "checksum": "c46d186d34f125637cfdf27b85e32faf"
        },
        {
          "assetId": "uEWT1C6ySrjtSMWJntBego",
          "checksum": "61db3cfcf5c9928d3cff35f26a82a374",
          "type": "globalContexts"
        },
        {
          "type": "renderModule",
          "assetId": "wtnE0On9QToy",
          "checksum": "4699a6fd0cc50b9eb1f9f5370e840015"
        },
        {
          "type": "cssRules",
          "assetId": "wtnE0On9QToy",
          "checksum": "4699a6fd0cc50b9eb1f9f5370e840015"
        },
        {
          "type": "renderModule",
          "assetId": "QGAZksd0OJe_",
          "checksum": "4122ac57b77598d8ff20849bec337766"
        },
        {
          "type": "cssRules",
          "assetId": "QGAZksd0OJe_",
          "checksum": "4122ac57b77598d8ff20849bec337766"
        },
        {
          "type": "renderModule",
          "assetId": "Uzl_GtfGWUt5",
          "checksum": "f40a19e78d3078c7cffdafcaa906a6a3"
        },
        {
          "type": "cssRules",
          "assetId": "Uzl_GtfGWUt5",
          "checksum": "f40a19e78d3078c7cffdafcaa906a6a3"
        },
        {
          "type": "renderModule",
          "assetId": "4EG1uUDBEib2",
          "checksum": "1ccbcbcd3b180ac6490168eb1a7908d4"
        },
        {
          "type": "cssRules",
          "assetId": "4EG1uUDBEib2",
          "checksum": "1ccbcbcd3b180ac6490168eb1a7908d4"
        },
        {
          "type": "renderModule",
          "assetId": "Iz_Y_kKZMHTD",
          "checksum": "6b92b6a135ba7d5930f6d40a9550746a"
        },
        {
          "type": "cssRules",
          "assetId": "Iz_Y_kKZMHTD",
          "checksum": "6b92b6a135ba7d5930f6d40a9550746a"
        },
        {
          "type": "renderModule",
          "assetId": "KyABfMWqdgdG",
          "checksum": "d5fc579622aa12ddc5e096fc3aabe841"
        },
        {
          "type": "cssRules",
          "assetId": "KyABfMWqdgdG",
          "checksum": "d5fc579622aa12ddc5e096fc3aabe841"
        },
        {
          "type": "renderModule",
          "assetId": "48nEEeCzck2s",
          "checksum": "509f7a9fd92391c1e8f3437950a02c8d"
        },
        {
          "type": "cssRules",
          "assetId": "48nEEeCzck2s",
          "checksum": "509f7a9fd92391c1e8f3437950a02c8d"
        },
        {
          "type": "renderModule",
          "assetId": "VP9OiVjyPtq9",
          "checksum": "8afd7859bd50063a4096bb36f26f8206"
        },
        {
          "type": "cssRules",
          "assetId": "VP9OiVjyPtq9",
          "checksum": "8afd7859bd50063a4096bb36f26f8206"
        },
        {
          "type": "renderModule",
          "assetId": "hM5E7d7Q2-3U",
          "checksum": "92be2858a13620f9ffa8407afab488e3"
        },
        {
          "type": "cssRules",
          "assetId": "hM5E7d7Q2-3U",
          "checksum": "92be2858a13620f9ffa8407afab488e3"
        },
        {
          "type": "icon",
          "assetId": "aMp-_KpuhKzH",
          "checksum": "aa4a25d4855b863506757cb29b38a5c3"
        },
        {
          "type": "icon",
          "assetId": "Qq4h6xXgNmFh",
          "checksum": "104aee9488127a6ea1c42361620d3535"
        },
        {
          "type": "image",
          "assetId": "Sq8NYA6Tetpy",
          "checksum": "cb69bd99b82b46b777db6a0488935272"
        },
        {
          "type": "image",
          "assetId": "HEDah9t1yegM",
          "checksum": "91065923d84c22f650b07c6332500fea"
        },
        {
          "type": "image",
          "assetId": "tJp1Ns1GUcSd",
          "checksum": "3f0dc143e758efbb6d9d0c8cd84bf5f5"
        },
        {
          "type": "image",
          "assetId": "o-RSdAKXWb5Z",
          "checksum": "fdd669fad844410d3b6348ceb4b2432e"
        },
        {
          "type": "image",
          "assetId": "lYlqEsZQpZw4",
          "checksum": "57ff39a661fe5a226a7ce723da77191c"
        },
        {
          "type": "image",
          "assetId": "xwJZgVvzFQk9",
          "checksum": "82052268197e6916e151ef0a56bbd968"
        },
        {
          "type": "image",
          "assetId": "R01MXuXCzOIS",
          "checksum": "491b4dcd63f61829eb98a109946a377f"
        },
        {
          "type": "image",
          "assetId": "VT9F53Yecuf4",
          "checksum": "79260534b7216f2b4f20034b4a978a73"
        },
        {
          "type": "image",
          "assetId": "y1gG5BsRH-vO",
          "checksum": "7ce3d0ddf11a914cb31b4e78162803bd"
        },
        {
          "type": "image",
          "assetId": "c3qKvd3RDcIT",
          "checksum": "dcb8eab55816e2c48691b75674d1283d"
        },
        {
          "type": "image",
          "assetId": "77w-CKv5L1za",
          "checksum": "162a0cba0fd03ed53b3f8bf5eac413e5"
        },
        {
          "type": "image",
          "assetId": "OmPzrygRVbb_",
          "checksum": "74ee58ee30c607fe357471e152688a5b"
        },
        {
          "type": "image",
          "assetId": "11_70qCFpxZ7",
          "checksum": "990960fa338c182cec3c106144aabc7b"
        },
        {
          "type": "image",
          "assetId": "CopJtLXu7ccK",
          "checksum": "717e25114260fc523601bd330a3e2e5c"
        },
        {
          "type": "image",
          "assetId": "i6qhvORyZcIM",
          "checksum": "16acf571ac0f57d13c95b1df19146166"
        },
        {
          "type": "image",
          "assetId": "kgh0jGbnPuLa",
          "checksum": "3e4dc51e154af4d1ef49185f95c132d1"
        },
        {
          "type": "image",
          "assetId": "MpniZdURfVF0",
          "checksum": "02b733ce1042d285bd5934cabf50b60f"
        },
        {
          "type": "image",
          "assetId": "uFGHyEsZCQsi",
          "checksum": "29a6f3965ee009316161e5133f27f5ef"
        },
        {
          "type": "image",
          "assetId": "Q2x26yIYpJg0",
          "checksum": "e76b533faa42cc2d574bb86ad9541c99"
        },
        {
          "type": "image",
          "assetId": "QCB-Z3YF43AJ",
          "checksum": "426b718bdb8c4810ab924955141536c4"
        },
        {
          "type": "image",
          "assetId": "eZQqInyDWvVu",
          "checksum": "65e6e503441075b62c679880bae6a6d4"
        },
        {
          "type": "image",
          "assetId": "yzhvsyPWoWS2",
          "checksum": "b7721a4439dca71c15817b056db2f99f"
        },
        {
          "type": "image",
          "assetId": "UgtJlo0_uzsx",
          "checksum": "c306b3069a6824ada6cc94940e517771"
        },
        {
          "type": "image",
          "assetId": "dOPFM5xysTdc",
          "checksum": "adc9e8ca445981fe932b9d45d4f2ffa9"
        },
        {
          "type": "image",
          "assetId": "H-gC1iZlXLy9",
          "checksum": "8a58d19220c80adaece856bdbfa69c58"
        },
        {
          "type": "image",
          "assetId": "EYcCfMJhPHOp",
          "checksum": "ff2a1b80f4d2fd153893ec0edb5c2e71"
        },
        {
          "type": "image",
          "assetId": "fUHMAploXQfM",
          "checksum": "d3e6be7977a88985ca4b333da9c14e2b"
        },
        {
          "type": "renderModule",
          "assetId": "IQiQ2GDBiFpG",
          "checksum": "314a94c23142746896b5648993f54607"
        },
        {
          "type": "cssRules",
          "assetId": "IQiQ2GDBiFpG",
          "checksum": "314a94c23142746896b5648993f54607"
        },
        {
          "type": "renderModule",
          "assetId": "eAA_aT1s0SEU",
          "checksum": "01ad30357432f1b5caa6cbbf5f0da4e5"
        },
        {
          "type": "cssRules",
          "assetId": "eAA_aT1s0SEU",
          "checksum": "01ad30357432f1b5caa6cbbf5f0da4e5"
        },
        {
          "type": "renderModule",
          "assetId": "tA-NZv-IllJf",
          "checksum": "bd3eeffe02491d8448de5cb4dfdec480"
        },
        {
          "type": "cssRules",
          "assetId": "tA-NZv-IllJf",
          "checksum": "bd3eeffe02491d8448de5cb4dfdec480"
        },
        {
          "type": "renderModule",
          "assetId": "PqhjiJqPbh80",
          "checksum": "79434e73ae2220729a3d44f060926a92"
        },
        {
          "type": "cssRules",
          "assetId": "PqhjiJqPbh80",
          "checksum": "79434e73ae2220729a3d44f060926a92"
        },
        {
          "type": "renderModule",
          "assetId": "8lN_knEESkxt",
          "checksum": "d8d1e96367a02c68b451cbce0faaa390"
        },
        {
          "type": "cssRules",
          "assetId": "8lN_knEESkxt",
          "checksum": "d8d1e96367a02c68b451cbce0faaa390"
        },
        {
          "type": "icon",
          "assetId": "Yxs93ms14aPR",
          "checksum": "22054478a7e93aa30a68269ca0b3dcc4"
        },
        {
          "type": "icon",
          "assetId": "qlGWzT8MyovL",
          "checksum": "bc2fc95279b7aea8db58173b17305c31"
        },
        {
          "type": "image",
          "assetId": "NnYXJnMU_ib0",
          "checksum": "218ac722ae431a52279b8d25bb5ee577"
        },
        {
          "type": "image",
          "assetId": "h8DSFNYrdSu7",
          "checksum": "893d0d303b0ef05f489c4593bb7bbadb"
        },
        {
          "type": "image",
          "assetId": "oVMFWCLGcqs6",
          "checksum": "515156affdbeda3ef1cbb3732807d666"
        },
        {
          "type": "image",
          "assetId": "ynuzU9Km2Gur",
          "checksum": "dba4980833ef755d2f5a3193d979357a"
        },
        {
          "type": "image",
          "assetId": "vOXIzusUbG5f",
          "checksum": "52bd8544cbe353e17ec6800329a808a8"
        },
        {
          "type": "image",
          "assetId": "t6-EUpLN_qfs",
          "checksum": "ebbb58696cf8d46bd1ce2932a914ced3"
        },
        {
          "type": "image",
          "assetId": "nQRenRZQqQcS",
          "checksum": "00b3e829879705a4a699f51b424b209b"
        },
        {
          "type": "image",
          "assetId": "VsWQ0HcnaWJT",
          "checksum": "e3df47973b3aeaa74d68901bc972dab7"
        },
        {
          "type": "image",
          "assetId": "5dzU4U1rMzSj",
          "checksum": "13fe8a4dea537c489997c25cef565dca"
        },
        {
          "type": "icon",
          "assetId": "wbQGNqEUKbny",
          "checksum": "510fbed8d77926efbc5e356c550b0c0f"
        },
        {
          "type": "image",
          "assetId": "ZlpqkioTDpYj",
          "checksum": "de69d501d6cb169f53df3b578dab4695"
        },
        {
          "type": "image",
          "assetId": "ncorXko0E5WM",
          "checksum": "c4be59a9b9244438239107d551c43de4"
        },
        {
          "type": "image",
          "assetId": "xp0ygz2qMJF2",
          "checksum": "8112d870b84f0c5c148807f6d48e8bdd"
        },
        {
          "type": "image",
          "assetId": "xhKw-P3PfopF",
          "checksum": "6a93c81ef24cdbc83ca72dd66502686e"
        },
        {
          "type": "image",
          "assetId": "a7glndUurxyS",
          "checksum": "5789ca77b2c1cb4e948d02082845deec"
        },
        {
          "type": "image",
          "assetId": "iSxTJaHTFgkX",
          "checksum": "4cc14deca8cf3e7ef6129613694ab594"
        },
        {
          "assetId": "uEWT1C6ySrjtSMWJntBego",
          "type": "projectCss",
          "checksum": "b455fa76e2f5e6e4e384d579b1a301e8"
        }
      ],
      "codegenVersion": "0.0.1"
    },
    {
      "projectId": "8PtdGodUbexNYgkuyBUcWu",
      "version": "3.24.0",
      "dependencies": {},
      "lang": "js",
      "fileLocks": [
        {
          "assetId": "8PtdGodUbexNYgkuyBUcWu",
          "type": "projectCss",
          "checksum": "078b5be9aa4a8ea2a39b36c771c25aaa"
        },
        {
          "assetId": "8PtdGodUbexNYgkuyBUcWu",
          "checksum": "34a063f27f0b27a7d1d344bc6b5252c5",
          "type": "globalContexts"
        }
      ],
      "codegenVersion": "0.0.1"
    },
    {
      "projectId": "ohDidvG9XsCeFumugENU3J",
      "version": "6.25.0",
      "dependencies": {},
      "lang": "js",
      "fileLocks": [
        {
          "assetId": "ohDidvG9XsCeFumugENU3J",
          "type": "projectCss",
          "checksum": "fd83b730367fdbde2c69bc6cf31c2a3c"
        },
        {
          "assetId": "ohDidvG9XsCeFumugENU3J",
          "checksum": "de0a0e65174a6a185a8f822af51c6bdd",
          "type": "globalContexts"
        }
      ],
      "codegenVersion": "0.0.1"
    },
    {
      "projectId": "r3ASNrnyvLLLAtDvzUioQ",
      "version": "4.5.1",
      "dependencies": {},
      "lang": "js",
      "fileLocks": [
        {
          "assetId": "r3ASNrnyvLLLAtDvzUioQ",
          "type": "projectCss",
          "checksum": "e1ec850476829c38b0f9b6d4f7ac446a"
        }
      ],
      "codegenVersion": "0.0.1"
    },
    {
      "projectId": "sqPBLwEBBKHA2WDuGb17eV",
      "version": "2.0.0",
      "dependencies": {},
      "lang": "js",
      "fileLocks": [
        {
          "type": "renderModule",
          "assetId": "5nirPCGmCnRD",
          "checksum": "3b15d5c27ab22813dd1c60123cd9cbc8"
        },
        {
          "type": "cssRules",
          "assetId": "5nirPCGmCnRD",
          "checksum": "3b15d5c27ab22813dd1c60123cd9cbc8"
        },
        {
          "type": "icon",
          "assetId": "Wyt3GMMsLefj",
          "checksum": "d2b1886763aa016780501d0c22f50b5e"
        },
        {
          "type": "icon",
          "assetId": "MbDRsJU0e3bw",
          "checksum": "92672aa6935120ebaac11939d8d127bb"
        },
        {
          "assetId": "sqPBLwEBBKHA2WDuGb17eV",
          "type": "projectCss",
          "checksum": "e1ec850476829c38b0f9b6d4f7ac446a"
        }
      ],
      "codegenVersion": "0.0.1"
    }
  ],
  "cliVersion": "0.1.331"
}
